// !$*UTF8*$!
{
	archiveVersion = 1;
	classes = {
	};
	objectVersion = 77;
	objects = {

/* Begin PBXBuildFile section */
		620F1E492DB397F400898A8D /* ModernSlider in Frameworks */ = {isa = PBXBuildFile; productRef = 620F1E482DB397F400898A8D /* ModernSlider */; };
		627E6A222DC0A1990001015C /* xcstrings-tool in Frameworks */ = {isa = PBXBuildFile; productRef = 627E6A212DC0A1990001015C /* xcstrings-tool */; };
		628618872DB60C290076E49F /* PythonKit in Frameworks */ = {isa = PBXBuildFile; productRef = 628618862DB60C290076E49F /* PythonKit */; };
		62B562B32DB79DF70094DC22 /* Python.xcframework in Frameworks */ = {isa = PBXBuildFile; fileRef = 62B562B12DB79DF70094DC22 /* Python.xcframework */; };
		62B562B72DB79E270094DC22 /* libcrypto.3.dylib in Frameworks */ = {isa = PBXBuildFile; fileRef = 62B562B42DB79E270094DC22 /* libcrypto.3.dylib */; };
		62B562B82DB79E270094DC22 /* libssl.3.dylib in Frameworks */ = {isa = PBXBuildFile; fileRef = 62B562B52DB79E270094DC22 /* libssl.3.dylib */; };
		62B562BA2DB79EDA0094DC22 /* Python.xcframework in Embed Frameworks */ = {isa = PBXBuildFile; fileRef = 62B562B12DB79DF70094DC22 /* Python.xcframework */; settings = {ATTRIBUTES = (CodeSignOnCopy, RemoveHeadersOnCopy, ); }; };
		62B562BB2DB7A12A0094DC22 /* libcrypto.3.dylib in Copy OpenSSL */ = {isa = PBXBuildFile; fileRef = 62B562B42DB79E270094DC22 /* libcrypto.3.dylib */; settings = {ATTRIBUTES = (CodeSignOnCopy, ); }; };
		62B562BC2DB7A12A0094DC22 /* libssl.3.dylib in Copy OpenSSL */ = {isa = PBXBuildFile; fileRef = 62B562B52DB79E270094DC22 /* libssl.3.dylib */; settings = {ATTRIBUTES = (CodeSignOnCopy, ); }; };
		62B562BD2DB7A4570094DC22 /* libcrypto.3.dylib in Embed Frameworks */ = {isa = PBXBuildFile; fileRef = 62B562B42DB79E270094DC22 /* libcrypto.3.dylib */; settings = {ATTRIBUTES = (CodeSignOnCopy, ); }; };
		62B562BE2DB7A4570094DC22 /* libssl.3.dylib in Embed Frameworks */ = {isa = PBXBuildFile; fileRef = 62B562B52DB79E270094DC22 /* libssl.3.dylib */; settings = {ATTRIBUTES = (CodeSignOnCopy, ); }; };
/* End PBXBuildFile section */

/* Begin PBXContainerItemProxy section */
		623815642DB2B12300AD874E /* PBXContainerItemProxy */ = {
			isa = PBXContainerItemProxy;
			containerPortal = 6238154A2DB2B12100AD874E /* Project object */;
			proxyType = 1;
			remoteGlobalIDString = 623815512DB2B12100AD874E;
			remoteInfo = "Applepie-RPC";
		};
		6238156E2DB2B12300AD874E /* PBXContainerItemProxy */ = {
			isa = PBXContainerItemProxy;
			containerPortal = 6238154A2DB2B12100AD874E /* Project object */;
			proxyType = 1;
			remoteGlobalIDString = 623815512DB2B12100AD874E;
			remoteInfo = "Applepie-RPC";
		};
/* End PBXContainerItemProxy section */

/* Begin PBXCopyFilesBuildPhase section */
		625006F32DB6220100FA81F9 /* Embed Frameworks */ = {
			isa = PBXCopyFilesBuildPhase;
			buildActionMask = 2147483647;
			dstPath = "";
			dstSubfolderSpec = 10;
			files = (
				62B562BD2DB7A4570094DC22 /* libcrypto.3.dylib in Embed Frameworks */,
				62B562BE2DB7A4570094DC22 /* libssl.3.dylib in Embed Frameworks */,
				62B562BA2DB79EDA0094DC22 /* Python.xcframework in Embed Frameworks */,
			);
			name = "Embed Frameworks";
			runOnlyForDeploymentPostprocessing = 0;
		};
		62B562B92DB79E800094DC22 /* Copy OpenSSL */ = {
			isa = PBXCopyFilesBuildPhase;
			buildActionMask = 2147483647;
			dstPath = OpenSSL;
			dstSubfolderSpec = 10;
			files = (
				62B562BB2DB7A12A0094DC22 /* libcrypto.3.dylib in Copy OpenSSL */,
				62B562BC2DB7A12A0094DC22 /* libssl.3.dylib in Copy OpenSSL */,
			);
			name = "Copy OpenSSL";
			runOnlyForDeploymentPostprocessing = 0;
		};
/* End PBXCopyFilesBuildPhase section */

/* Begin PBXFileReference section */
		623815522DB2B12100AD874E /* Applepie-RPC.app */ = {isa = PBXFileReference; explicitFileType = wrapper.application; includeInIndex = 0; path = "Applepie-RPC.app"; sourceTree = BUILT_PRODUCTS_DIR; };
		623815632DB2B12300AD874E /* Applepie-RPCTests.xctest */ = {isa = PBXFileReference; explicitFileType = wrapper.cfbundle; includeInIndex = 0; path = "Applepie-RPCTests.xctest"; sourceTree = BUILT_PRODUCTS_DIR; };
		6238156D2DB2B12300AD874E /* Applepie-RPCUITests.xctest */ = {isa = PBXFileReference; explicitFileType = wrapper.cfbundle; includeInIndex = 0; path = "Applepie-RPCUITests.xctest"; sourceTree = BUILT_PRODUCTS_DIR; };
		625BD3E62DBA24D0009567E7 /* MusicKit.framework */ = {isa = PBXFileReference; lastKnownFileType = wrapper.framework; name = MusicKit.framework; path = System/Library/Frameworks/MusicKit.framework; sourceTree = SDKROOT; };
		62B562B12DB79DF70094DC22 /* Python.xcframework */ = {isa = PBXFileReference; lastKnownFileType = wrapper.xcframework; path = Python.xcframework; sourceTree = "<group>"; };
		62B562B42DB79E270094DC22 /* libcrypto.3.dylib */ = {isa = PBXFileReference; lastKnownFileType = "compiled.mach-o.dylib"; path = libcrypto.3.dylib; sourceTree = "<group>"; };
		62B562B52DB79E270094DC22 /* libssl.3.dylib */ = {isa = PBXFileReference; lastKnownFileType = "compiled.mach-o.dylib"; path = libssl.3.dylib; sourceTree = "<group>"; };
/* End PBXFileReference section */

/* Begin PBXFileSystemSynchronizedBuildFileExceptionSet section */
		628618822DB5FF340076E49F /* Exceptions for "Applepie-RPC" folder in "Applepie-RPC" target */ = {
			isa = PBXFileSystemSynchronizedBuildFileExceptionSet;
			membershipExceptions = (
				Resources/Info.plist,
			);
			target = 623815512DB2B12100AD874E /* Applepie-RPC */;
		};
/* End PBXFileSystemSynchronizedBuildFileExceptionSet section */

/* Begin PBXFileSystemSynchronizedRootGroup section */
		623815542DB2B12100AD874E /* Applepie-RPC */ = {
			isa = PBXFileSystemSynchronizedRootGroup;
			exceptions = (
				628618822DB5FF340076E49F /* Exceptions for "Applepie-RPC" folder in "Applepie-RPC" target */,
			);
			path = "Applepie-RPC";
			sourceTree = "<group>";
		};
		623815662DB2B12300AD874E /* Applepie-RPCTests */ = {
			isa = PBXFileSystemSynchronizedRootGroup;
			path = "Applepie-RPCTests";
			sourceTree = "<group>";
		};
		623815702DB2B12300AD874E /* Applepie-RPCUITests */ = {
			isa = PBXFileSystemSynchronizedRootGroup;
			path = "Applepie-RPCUITests";
			sourceTree = "<group>";
		};
		627211092DB7E6440092DEF0 /* Applepie-RPC-core */ = {
			isa = PBXFileSystemSynchronizedRootGroup;
			path = "Applepie-RPC-core";
			sourceTree = "<group>";
		};
/* End PBXFileSystemSynchronizedRootGroup section */

/* Begin PBXFrameworksBuildPhase section */
		6238154F2DB2B12100AD874E /* Frameworks */ = {
			isa = PBXFrameworksBuildPhase;
			buildActionMask = 2147483647;
			files = (
				627E6A222DC0A1990001015C /* xcstrings-tool in Frameworks */,
				620F1E492DB397F400898A8D /* ModernSlider in Frameworks */,
				62B562B32DB79DF70094DC22 /* Python.xcframework in Frameworks */,
				62B562B72DB79E270094DC22 /* libcrypto.3.dylib in Frameworks */,
				62B562B82DB79E270094DC22 /* libssl.3.dylib in Frameworks */,
				628618872DB60C290076E49F /* PythonKit in Frameworks */,
			);
			runOnlyForDeploymentPostprocessing = 0;
		};
		623815602DB2B12300AD874E /* Frameworks */ = {
			isa = PBXFrameworksBuildPhase;
			buildActionMask = 2147483647;
			files = (
			);
			runOnlyForDeploymentPostprocessing = 0;
		};
		6238156A2DB2B12300AD874E /* Frameworks */ = {
			isa = PBXFrameworksBuildPhase;
			buildActionMask = 2147483647;
			files = (
			);
			runOnlyForDeploymentPostprocessing = 0;
		};
/* End PBXFrameworksBuildPhase section */

/* Begin PBXGroup section */
		623815492DB2B12100AD874E = {
			isa = PBXGroup;
			children = (
				627211092DB7E6440092DEF0 /* Applepie-RPC-core */,
				62B562B22DB79DF70094DC22 /* Frameworks */,
				623815542DB2B12100AD874E /* Applepie-RPC */,
				623815662DB2B12300AD874E /* Applepie-RPCTests */,
				623815702DB2B12300AD874E /* Applepie-RPCUITests */,
				623815532DB2B12100AD874E /* Products */,
			);
			sourceTree = "<group>";
		};
		623815532DB2B12100AD874E /* Products */ = {
			isa = PBXGroup;
			children = (
				623815522DB2B12100AD874E /* Applepie-RPC.app */,
				623815632DB2B12300AD874E /* Applepie-RPCTests.xctest */,
				6238156D2DB2B12300AD874E /* Applepie-RPCUITests.xctest */,
			);
			name = Products;
			sourceTree = "<group>";
		};
		62B562B22DB79DF70094DC22 /* Frameworks */ = {
			isa = PBXGroup;
			children = (
				625BD3E62DBA24D0009567E7 /* MusicKit.framework */,
				62B562B12DB79DF70094DC22 /* Python.xcframework */,
				62B562B62DB79E270094DC22 /* OpenSSL */,
			);
			path = Frameworks;
			sourceTree = "<group>";
		};
		62B562B62DB79E270094DC22 /* OpenSSL */ = {
			isa = PBXGroup;
			children = (
				62B562B42DB79E270094DC22 /* libcrypto.3.dylib */,
				62B562B52DB79E270094DC22 /* libssl.3.dylib */,
			);
			path = OpenSSL;
			sourceTree = "<group>";
		};
/* End PBXGroup section */

/* Begin PBXNativeTarget section */
		623815512DB2B12100AD874E /* Applepie-RPC */ = {
			isa = PBXNativeTarget;
			buildConfigurationList = 623815772DB2B12300AD874E /* Build configuration list for PBXNativeTarget "Applepie-RPC" */;
			buildPhases = (
				623815502DB2B12100AD874E /* Resources */,
				6238154E2DB2B12100AD874E /* Sources */,
				6238154F2DB2B12100AD874E /* Frameworks */,
				62B562AB2DB796CF0094DC22 /* ensurepip install */,
				62B562AC2DB797B00094DC22 /* pip bootstrap */,
				62B562B92DB79E800094DC22 /* Copy OpenSSL */,
				627B19CB2DB7A990003A2898 /* install_name_tool on libssl.3.dylib */,
				625006F32DB6220100FA81F9 /* Embed Frameworks */,
				627B19C92DB7A857003A2898 /* Patch _hashlib.so install names */,
				62B562BF2DB7A5E00094DC22 /* Patch app executable RPATHs */,
				62B562AD2DB799D90094DC22 /* Codesign .so / dylib */,
			);
			buildRules = (
			);
			dependencies = (
				627E6A242DC0A1BF0001015C /* PBXTargetDependency */,
			);
			fileSystemSynchronizedGroups = (
				623815542DB2B12100AD874E /* Applepie-RPC */,
				627211092DB7E6440092DEF0 /* Applepie-RPC-core */,
			);
			name = "Applepie-RPC";
			packageProductDependencies = (
				620F1E482DB397F400898A8D /* ModernSlider */,
				628618862DB60C290076E49F /* PythonKit */,
				627E6A212DC0A1990001015C /* xcstrings-tool */,
			);
			productName = "Applepie-RPC";
			productReference = 623815522DB2B12100AD874E /* Applepie-RPC.app */;
			productType = "com.apple.product-type.application";
		};
		623815622DB2B12300AD874E /* Applepie-RPCTests */ = {
			isa = PBXNativeTarget;
			buildConfigurationList = 6238157A2DB2B12300AD874E /* Build configuration list for PBXNativeTarget "Applepie-RPCTests" */;
			buildPhases = (
				6238155F2DB2B12300AD874E /* Sources */,
				623815602DB2B12300AD874E /* Frameworks */,
				623815612DB2B12300AD874E /* Resources */,
			);
			buildRules = (
			);
			dependencies = (
				623815652DB2B12300AD874E /* PBXTargetDependency */,
			);
			fileSystemSynchronizedGroups = (
				623815662DB2B12300AD874E /* Applepie-RPCTests */,
			);
			name = "Applepie-RPCTests";
			packageProductDependencies = (
			);
			productName = "Applepie-RPCTests";
			productReference = 623815632DB2B12300AD874E /* Applepie-RPCTests.xctest */;
			productType = "com.apple.product-type.bundle.unit-test";
		};
		6238156C2DB2B12300AD874E /* Applepie-RPCUITests */ = {
			isa = PBXNativeTarget;
			buildConfigurationList = 6238157D2DB2B12300AD874E /* Build configuration list for PBXNativeTarget "Applepie-RPCUITests" */;
			buildPhases = (
				623815692DB2B12300AD874E /* Sources */,
				6238156A2DB2B12300AD874E /* Frameworks */,
				6238156B2DB2B12300AD874E /* Resources */,
			);
			buildRules = (
			);
			dependencies = (
				6238156F2DB2B12300AD874E /* PBXTargetDependency */,
			);
			fileSystemSynchronizedGroups = (
				623815702DB2B12300AD874E /* Applepie-RPCUITests */,
			);
			name = "Applepie-RPCUITests";
			packageProductDependencies = (
			);
			productName = "Applepie-RPCUITests";
			productReference = 6238156D2DB2B12300AD874E /* Applepie-RPCUITests.xctest */;
			productType = "com.apple.product-type.bundle.ui-testing";
		};
/* End PBXNativeTarget section */

/* Begin PBXProject section */
		6238154A2DB2B12100AD874E /* Project object */ = {
			isa = PBXProject;
			attributes = {
				BuildIndependentTargetsInParallel = 1;
				LastSwiftUpdateCheck = 1620;
				LastUpgradeCheck = 1630;
				TargetAttributes = {
					623815512DB2B12100AD874E = {
						CreatedOnToolsVersion = 16.2;
					};
					623815622DB2B12300AD874E = {
						CreatedOnToolsVersion = 16.2;
						TestTargetID = 623815512DB2B12100AD874E;
					};
					6238156C2DB2B12300AD874E = {
						CreatedOnToolsVersion = 16.2;
						TestTargetID = 623815512DB2B12100AD874E;
					};
				};
			};
			buildConfigurationList = 6238154D2DB2B12100AD874E /* Build configuration list for PBXProject "Applepie-RPC" */;
			developmentRegion = en;
			hasScannedForEncodings = 0;
			knownRegions = (
				en,
				Base,
				ko,
			);
			mainGroup = 623815492DB2B12100AD874E;
			minimizedProjectReferenceProxies = 1;
			packageReferences = (
				620F1E472DB397F400898A8D /* XCRemoteSwiftPackageReference "ModernSlider" */,
				628618852DB60C290076E49F /* XCRemoteSwiftPackageReference "PythonKit" */,
				627E6A202DC0A1990001015C /* XCRemoteSwiftPackageReference "xcstrings-tool" */,
			);
			preferredProjectObjectVersion = 77;
			productRefGroup = 623815532DB2B12100AD874E /* Products */;
			projectDirPath = "";
			projectRoot = "";
			targets = (
				623815512DB2B12100AD874E /* Applepie-RPC */,
				623815622DB2B12300AD874E /* Applepie-RPCTests */,
				6238156C2DB2B12300AD874E /* Applepie-RPCUITests */,
			);
		};
/* End PBXProject section */

/* Begin PBXResourcesBuildPhase section */
		623815502DB2B12100AD874E /* Resources */ = {
			isa = PBXResourcesBuildPhase;
			buildActionMask = 2147483647;
			files = (
			);
			runOnlyForDeploymentPostprocessing = 0;
		};
		623815612DB2B12300AD874E /* Resources */ = {
			isa = PBXResourcesBuildPhase;
			buildActionMask = 2147483647;
			files = (
			);
			runOnlyForDeploymentPostprocessing = 0;
		};
		6238156B2DB2B12300AD874E /* Resources */ = {
			isa = PBXResourcesBuildPhase;
			buildActionMask = 2147483647;
			files = (
			);
			runOnlyForDeploymentPostprocessing = 0;
		};
/* End PBXResourcesBuildPhase section */

/* Begin PBXShellScriptBuildPhase section */
		627B19C92DB7A857003A2898 /* Patch _hashlib.so install names */ = {
			isa = PBXShellScriptBuildPhase;
			buildActionMask = 2147483647;
			files = (
			);
			inputFileListPaths = (
			);
			inputPaths = (
			);
			name = "Patch _hashlib.so install names";
			outputFileListPaths = (
			);
			outputPaths = (
			);
			runOnlyForDeploymentPostprocessing = 0;
			shellPath = /bin/sh;
			shellScript = "#!/bin/bash\nset -e\n\nDLIBS=(\n  \"$TARGET_BUILD_DIR/$CONTENTS_FOLDER_PATH/MacOS/Applepie-RPC.debug.dylib\"\n  \"$TARGET_BUILD_DIR/$CONTENTS_FOLDER_PATH/MacOS/Applepie-RPC\"\n)\n\nfor D in \"${DLIBS[@]}\"; do\n  if [ ! -e \"$D\" ]; then\n    echo \"Skipping missing file: $D\"\n    continue\n  fi\n  install_name_tool -change \\\n    \"/opt/homebrew/opt/openssl@3/lib/libcrypto.3.dylib\" \\\n    \"@rpath/OpenSSL/libcrypto.3.dylib\" \\\n    \"$D\"\n  install_name_tool -change \\\n    \"/opt/homebrew/opt/openssl@3/lib/libssl.3.dylib\" \\\n    \"@rpath/OpenSSL/libssl.3.dylib\" \\\n    \"$D\"\ndone\n";
		};
		627B19CB2DB7A990003A2898 /* install_name_tool on libssl.3.dylib */ = {
			isa = PBXShellScriptBuildPhase;
			buildActionMask = 2147483647;
			files = (
			);
			inputFileListPaths = (
			);
			inputPaths = (
			);
			name = "install_name_tool on libssl.3.dylib";
			outputFileListPaths = (
			);
			outputPaths = (
			);
			runOnlyForDeploymentPostprocessing = 0;
			shellPath = /bin/sh;
			shellScript = "# OpenSSL 번들 디렉토리\nOPENSSL_DST=\"${TARGET_BUILD_DIR}/${CONTENTS_FOLDER_PATH}/Frameworks/OpenSSL\"\nSSL_DYLIB=\"$OPENSSL_DST/libssl.3.dylib\"\n\necho \"🔧 libssl.3.dylib 패치 중: $SSL_DYLIB\"\ninstall_name_tool \\\n  -change \"/opt/homebrew/Cellar/openssl@3/3.4.1/lib/libcrypto.3.dylib\" \\\n          \"@rpath/OpenSSL/libcrypto.3.dylib\" \\\n  \"$SSL_DYLIB\"\necho \"✅ libssl.3.dylib 패치 완료\"\n";
		};
		62B562AB2DB796CF0094DC22 /* ensurepip install */ = {
			isa = PBXShellScriptBuildPhase;
			buildActionMask = 2147483647;
			files = (
			);
			inputFileListPaths = (
			);
			inputPaths = (
			);
			name = "ensurepip install";
			outputFileListPaths = (
			);
			outputPaths = (
			);
			runOnlyForDeploymentPostprocessing = 0;
			shellPath = /bin/sh;
			shellScript = "#!/bin/bash\nset -e\n\n# 1. PythonSupport 내 Python lib 경로\nPY_VER=\"3.12\"\nDEST_BASE=\"$TARGET_BUILD_DIR/$CONTENTS_FOLDER_PATH/Resources/PythonSupport/python/lib/python${PY_VER}\"\n\necho \"➡️ GitHub에서 ensurepip 모듈 가져오기: $DEST_BASE\"\n\n# 2. 대상 디렉터리 생성\nmkdir -p \"$DEST_BASE\"\nmkdir -p \"$DEST_BASE/site-packages\"\n\n# 3. svn 이 있으면 svn export, 없으면 git sparse‑checkout\nif command -v svn >/dev/null 2>&1; then\n  echo \"📦 svn export 사용\"\n  svn export --non-interactive --force \\\n    https://github.com/python/cpython/trunk/Lib/ensurepip \\\n    \"$DEST_BASE/ensurepip\"\nelif command -v git >/dev/null 2>&1; then\n  echo \"📦 git sparse‑checkout 사용\"\n  TMPDIR=$(mktemp -d)\n  git clone --depth 1 --filter=blob:none --sparse https://github.com/python/cpython.git \"$TMPDIR\"\n  cd \"$TMPDIR\"\n  git sparse-checkout init --cone\n  git sparse-checkout set Lib/ensurepip\n  cp -R Lib/ensurepip \"$DEST_BASE/ensurepip\"\n  cd -\n  rm -rf \"$TMPDIR\"\nelse\n  echo \"❌ svn, git 모두 없어서 ensurepip 모듈을 가져올 수 없습니다.\" >&2\n  exit 1\nfi\n\necho \"✅ ensurepip 모듈 복사 완료\"\n";
		};
		62B562AC2DB797B00094DC22 /* pip bootstrap */ = {
			isa = PBXShellScriptBuildPhase;
			buildActionMask = 2147483647;
			files = (
			);
			inputFileListPaths = (
			);
			inputPaths = (
			);
			name = "pip bootstrap";
			outputFileListPaths = (
			);
			outputPaths = (
			);
			runOnlyForDeploymentPostprocessing = 0;
			shellPath = /bin/sh;
			shellScript = "#!/bin/bash\nset -e\n\n# 1) 시스템 Python CLI 찾기\nif command -v python3.12 >/dev/null 2>&1; then\n  PYBIN=python3.12\nelif command -v python3 >/dev/null 2>&1; then\n  PYBIN=python3\nelse\n  echo \"❌ python3.12/ python3 CLI가 필요합니다.\" >&2\n  exit 1\nfi\necho \"➡️ 부트스트랩에 사용할 Python: $($PYBIN --version)\"\n\n# 2) site-packages 경로\nPY_VER=\"3.12\"\nSITE_PKGS=\"$TARGET_BUILD_DIR/$CONTENTS_FOLDER_PATH/Frameworks/Python.framework/Versions/${PY_VER}/lib/python${PY_VER}/site-packages\"\nmkdir -p \"$SITE_PKGS\"\n\n# 3) ensurepip → pip 부트스트랩\n\"$PYBIN\" -m ensurepip --upgrade\n\"$PYBIN\" -m pip install --upgrade pip setuptools wheel \\\n     --no-deps --target \"$SITE_PKGS\"\n\n# 4) 프로젝트 패키지 설치\n\"$PYBIN\" -m pip install pyatv aiohttp \\\n     https://github.com/qwertyquerty/pypresence/archive/master.zip \\\n     --no-deps --upgrade --target \"$SITE_PKGS\"\n\n# 5) 설치된 C-extension(.so) 서명\nfind \"$SITE_PKGS\" -name '*.so' \\\n     -exec codesign --force --options runtime \\\n         --sign \"${CODE_SIGN_IDENTITY}\" {} \\;\n\n# Site-packages inside the embedded Python.framework\nFRAMEWORK_SITE_PKGS=\"$TARGET_BUILD_DIR/$CONTENTS_FOLDER_PATH/Frameworks/Python.framework/Versions/${PY_VER}/lib/python${PY_VER}/site-packages\"\nif [ -d \"$FRAMEWORK_SITE_PKGS\" ]; then\n  find \"$FRAMEWORK_SITE_PKGS\" -name '*.so' \\\n       -exec codesign --force --options runtime \\\n           --sign \"${CODE_SIGN_IDENTITY}\" {} \\;\n  echo \"✅ Framework site-packages .so 코드사인 완료\"\nfi\n\necho \"✅ pip 부트스트랩 & 패키지 설치 완료\"\n";
		};
		62B562AD2DB799D90094DC22 /* Codesign .so / dylib */ = {
			isa = PBXShellScriptBuildPhase;
			buildActionMask = 2147483647;
			files = (
			);
			inputFileListPaths = (
			);
			inputPaths = (
			);
			name = "Codesign .so / dylib";
			outputFileListPaths = (
			);
			outputPaths = (
			);
			runOnlyForDeploymentPostprocessing = 0;
			shellPath = /bin/sh;
			shellScript = "#!/bin/bash\nset -e\n\n# 1. lib-dynload 경로\nDYNL=\"$TARGET_BUILD_DIR/$CONTENTS_FOLDER_PATH/Resources/PythonSupport/lib-dynload\"\n\necho \"🔐 code‑signing lib-dynload/.so files in $DYNL …\"\n\n# 2. .so 들 강제로 코드사인\nfind \"$DYNL\" -type f -name '*.so' | while read so; do\n  echo \"  • codesign $so\"\n  codesign --force --options runtime \\\n           --sign \"${CODE_SIGN_IDENTITY}\" \\\n           \"$so\"\ndone\n\n# 3. (선택) 만약 Python.framework 내부 lib-dynload 도 필요하면\nFW_DYNL=\"$TARGET_BUILD_DIR/$CONTENTS_FOLDER_PATH/Frameworks/Python.framework/Versions/3.12/lib/python3.12/lib-dynload\"\nif [ -d \"$FW_DYNL\" ]; then\n  echo \"🔐 code‑signing Python.framework lib-dynload/.so files in $FW_DYNL …\"\n  find \"$FW_DYNL\" -type f -name '*.so' | while read so; do\n    echo \"  • codesign $so\"\n    codesign --force --options runtime \\\n             --sign \"${CODE_SIGN_IDENTITY}\" \\\n             \"$so\"\n  done\nfi\n\necho \"✅ lib‑dynload 코드사인 완료\"\n";
		};
		62B562BF2DB7A5E00094DC22 /* Patch app executable RPATHs */ = {
			isa = PBXShellScriptBuildPhase;
			buildActionMask = 2147483647;
			files = (
			);
			inputFileListPaths = (
			);
			inputPaths = (
			);
			name = "Patch app executable RPATHs";
			outputFileListPaths = (
			);
			outputPaths = (
			);
			runOnlyForDeploymentPostprocessing = 0;
			shellPath = /bin/sh;
			shellScript = "#!/bin/bash\nset -e\n\nPY_VER=\"3.12\"; SHORT_VER=${PY_VER//./}\n\n# 검사할 후보 경로 배열\nCANDIDATES=(\n  \"$TARGET_BUILD_DIR/$CONTENTS_FOLDER_PATH/Resources/PythonSupport/lib-dynload/_hashlib.cpython-${SHORT_VER}-darwin.so\"\n  \"$TARGET_BUILD_DIR/$CONTENTS_FOLDER_PATH/Frameworks/Python.framework/Versions/${PY_VER}/lib/python${PY_VER}/lib-dynload/_hashlib.cpython-${SHORT_VER}-darwin.so\"\n)\n\nfor HASHLIB_SO in \"${CANDIDATES[@]}\"; do\n  if [ -f \"$HASHLIB_SO\" ]; then\n    echo \"🔧 패치할 _hashlib.so 찾음: $HASHLIB_SO\"\n    install_name_tool -change \\\n      \"/opt/homebrew/opt/openssl@3/lib/libcrypto.3.dylib\" \\\n      \"@rpath/OpenSSL/libcrypto.3.dylib\" \\\n      \"$HASHLIB_SO\"\n    install_name_tool -change \\\n      \"/opt/homebrew/opt/openssl@3/lib/libssl.3.dylib\" \\\n      \"@rpath/OpenSSL/libssl.3.dylib\" \\\n      \"$HASHLIB_SO\"\n    codesign --force --options runtime --sign \"${CODE_SIGN_IDENTITY}\" \"$HASHLIB_SO\"\n    echo \"✅ _hashlib.so 패치 & 코드사인 완료\"\n\n    # Explicitly code-sign OpenSSL dylibs to avoid invalid page errors\n    OPENSSL_FRAMEWORKS_DIR=\"${TARGET_BUILD_DIR}/${CONTENTS_FOLDER_PATH}/Frameworks/OpenSSL\"\n    for dylib in libcrypto.3.dylib libssl.3.dylib; do\n      if [ -f \"$OPENSSL_FRAMEWORKS_DIR/$dylib\" ]; then\n        codesign --force --options runtime --sign \"${CODE_SIGN_IDENTITY}\" \\\n          \"$OPENSSL_FRAMEWORKS_DIR/$dylib\"\n        echo \"✅ Code-signed $dylib\"\n      fi\n    done\n\n    break\n  fi\ndone\n\nif [ $HASHLIB_SO == \"\" ] || [ ! -f \"$HASHLIB_SO\" ]; then\n  echo \"⚠️ _hashlib.so 파일을 찾지 못했습니다. 복사 위치를 다시 확인해주세요.\"\nfi\n";
		};
/* End PBXShellScriptBuildPhase section */

/* Begin PBXSourcesBuildPhase section */
		6238154E2DB2B12100AD874E /* Sources */ = {
			isa = PBXSourcesBuildPhase;
			buildActionMask = 2147483647;
			files = (
			);
			runOnlyForDeploymentPostprocessing = 0;
		};
		6238155F2DB2B12300AD874E /* Sources */ = {
			isa = PBXSourcesBuildPhase;
			buildActionMask = 2147483647;
			files = (
			);
			runOnlyForDeploymentPostprocessing = 0;
		};
		623815692DB2B12300AD874E /* Sources */ = {
			isa = PBXSourcesBuildPhase;
			buildActionMask = 2147483647;
			files = (
			);
			runOnlyForDeploymentPostprocessing = 0;
		};
/* End PBXSourcesBuildPhase section */

/* Begin PBXTargetDependency section */
		623815652DB2B12300AD874E /* PBXTargetDependency */ = {
			isa = PBXTargetDependency;
			target = 623815512DB2B12100AD874E /* Applepie-RPC */;
			targetProxy = 623815642DB2B12300AD874E /* PBXContainerItemProxy */;
		};
		6238156F2DB2B12300AD874E /* PBXTargetDependency */ = {
			isa = PBXTargetDependency;
			target = 623815512DB2B12100AD874E /* Applepie-RPC */;
			targetProxy = 6238156E2DB2B12300AD874E /* PBXContainerItemProxy */;
		};
		627E6A242DC0A1BF0001015C /* PBXTargetDependency */ = {
			isa = PBXTargetDependency;
			productRef = 627E6A232DC0A1BF0001015C /* XCStringsToolPlugin */;
		};
/* End PBXTargetDependency section */

/* Begin XCBuildConfiguration section */
		623815752DB2B12300AD874E /* Debug */ = {
			isa = XCBuildConfiguration;
			buildSettings = {
				ALWAYS_SEARCH_USER_PATHS = NO;
				ASSETCATALOG_COMPILER_GENERATE_SWIFT_ASSET_SYMBOL_EXTENSIONS = YES;
				CLANG_ANALYZER_NONNULL = YES;
				CLANG_ANALYZER_NUMBER_OBJECT_CONVERSION = YES_AGGRESSIVE;
				CLANG_CXX_LANGUAGE_STANDARD = "gnu++20";
				CLANG_ENABLE_MODULES = YES;
				CLANG_ENABLE_OBJC_ARC = YES;
				CLANG_ENABLE_OBJC_WEAK = YES;
				CLANG_WARN_BLOCK_CAPTURE_AUTORELEASING = YES;
				CLANG_WARN_BOOL_CONVERSION = YES;
				CLANG_WARN_COMMA = YES;
				CLANG_WARN_CONSTANT_CONVERSION = YES;
				CLANG_WARN_DEPRECATED_OBJC_IMPLEMENTATIONS = YES;
				CLANG_WARN_DIRECT_OBJC_ISA_USAGE = YES_ERROR;
				CLANG_WARN_DOCUMENTATION_COMMENTS = YES;
				CLANG_WARN_EMPTY_BODY = YES;
				CLANG_WARN_ENUM_CONVERSION = YES;
				CLANG_WARN_INFINITE_RECURSION = YES;
				CLANG_WARN_INT_CONVERSION = YES;
				CLANG_WARN_NON_LITERAL_NULL_CONVERSION = YES;
				CLANG_WARN_OBJC_IMPLICIT_RETAIN_SELF = YES;
				CLANG_WARN_OBJC_LITERAL_CONVERSION = YES;
				CLANG_WARN_OBJC_ROOT_CLASS = YES_ERROR;
				CLANG_WARN_QUOTED_INCLUDE_IN_FRAMEWORK_HEADER = YES;
				CLANG_WARN_RANGE_LOOP_ANALYSIS = YES;
				CLANG_WARN_STRICT_PROTOTYPES = YES;
				CLANG_WARN_SUSPICIOUS_MOVE = YES;
				CLANG_WARN_UNGUARDED_AVAILABILITY = YES_AGGRESSIVE;
				CLANG_WARN_UNREACHABLE_CODE = YES;
				CLANG_WARN__DUPLICATE_METHOD_MATCH = YES;
				COPY_PHASE_STRIP = NO;
				DEAD_CODE_STRIPPING = YES;
				DEBUG_INFORMATION_FORMAT = dwarf;
				DEVELOPMENT_TEAM = Q23JLSJCCV;
				ENABLE_STRICT_OBJC_MSGSEND = YES;
				ENABLE_TESTABILITY = YES;
				ENABLE_USER_SCRIPT_SANDBOXING = YES;
				GCC_C_LANGUAGE_STANDARD = gnu17;
				GCC_DYNAMIC_NO_PIC = NO;
				GCC_NO_COMMON_BLOCKS = YES;
				GCC_OPTIMIZATION_LEVEL = 0;
				GCC_PREPROCESSOR_DEFINITIONS = (
					"DEBUG=1",
					"$(inherited)",
				);
				GCC_WARN_64_TO_32_BIT_CONVERSION = YES;
				GCC_WARN_ABOUT_RETURN_TYPE = YES_ERROR;
				GCC_WARN_UNDECLARED_SELECTOR = YES;
				GCC_WARN_UNINITIALIZED_AUTOS = YES_AGGRESSIVE;
				GCC_WARN_UNUSED_FUNCTION = YES;
				GCC_WARN_UNUSED_VARIABLE = YES;
				LOCALIZATION_PREFERS_STRING_CATALOGS = YES;
				MACOSX_DEPLOYMENT_TARGET = 15.2;
				MTL_ENABLE_DEBUG_INFO = INCLUDE_SOURCE;
				MTL_FAST_MATH = YES;
				ONLY_ACTIVE_ARCH = YES;
				SDKROOT = macosx;
				SWIFT_ACTIVE_COMPILATION_CONDITIONS = "DEBUG $(inherited)";
				SWIFT_EMIT_LOC_STRINGS = YES;
				SWIFT_OPTIMIZATION_LEVEL = "-Onone";
			};
			name = Debug;
		};
		623815762DB2B12300AD874E /* Release */ = {
			isa = XCBuildConfiguration;
			buildSettings = {
				ALWAYS_SEARCH_USER_PATHS = NO;
				ASSETCATALOG_COMPILER_GENERATE_SWIFT_ASSET_SYMBOL_EXTENSIONS = YES;
				CLANG_ANALYZER_NONNULL = YES;
				CLANG_ANALYZER_NUMBER_OBJECT_CONVERSION = YES_AGGRESSIVE;
				CLANG_CXX_LANGUAGE_STANDARD = "gnu++20";
				CLANG_ENABLE_MODULES = YES;
				CLANG_ENABLE_OBJC_ARC = YES;
				CLANG_ENABLE_OBJC_WEAK = YES;
				CLANG_WARN_BLOCK_CAPTURE_AUTORELEASING = YES;
				CLANG_WARN_BOOL_CONVERSION = YES;
				CLANG_WARN_COMMA = YES;
				CLANG_WARN_CONSTANT_CONVERSION = YES;
				CLANG_WARN_DEPRECATED_OBJC_IMPLEMENTATIONS = YES;
				CLANG_WARN_DIRECT_OBJC_ISA_USAGE = YES_ERROR;
				CLANG_WARN_DOCUMENTATION_COMMENTS = YES;
				CLANG_WARN_EMPTY_BODY = YES;
				CLANG_WARN_ENUM_CONVERSION = YES;
				CLANG_WARN_INFINITE_RECURSION = YES;
				CLANG_WARN_INT_CONVERSION = YES;
				CLANG_WARN_NON_LITERAL_NULL_CONVERSION = YES;
				CLANG_WARN_OBJC_IMPLICIT_RETAIN_SELF = YES;
				CLANG_WARN_OBJC_LITERAL_CONVERSION = YES;
				CLANG_WARN_OBJC_ROOT_CLASS = YES_ERROR;
				CLANG_WARN_QUOTED_INCLUDE_IN_FRAMEWORK_HEADER = YES;
				CLANG_WARN_RANGE_LOOP_ANALYSIS = YES;
				CLANG_WARN_STRICT_PROTOTYPES = YES;
				CLANG_WARN_SUSPICIOUS_MOVE = YES;
				CLANG_WARN_UNGUARDED_AVAILABILITY = YES_AGGRESSIVE;
				CLANG_WARN_UNREACHABLE_CODE = YES;
				CLANG_WARN__DUPLICATE_METHOD_MATCH = YES;
				COPY_PHASE_STRIP = NO;
				DEAD_CODE_STRIPPING = YES;
				DEBUG_INFORMATION_FORMAT = "dwarf-with-dsym";
				DEVELOPMENT_TEAM = Q23JLSJCCV;
				ENABLE_NS_ASSERTIONS = NO;
				ENABLE_STRICT_OBJC_MSGSEND = YES;
				ENABLE_USER_SCRIPT_SANDBOXING = YES;
				GCC_C_LANGUAGE_STANDARD = gnu17;
				GCC_NO_COMMON_BLOCKS = YES;
				GCC_WARN_64_TO_32_BIT_CONVERSION = YES;
				GCC_WARN_ABOUT_RETURN_TYPE = YES_ERROR;
				GCC_WARN_UNDECLARED_SELECTOR = YES;
				GCC_WARN_UNINITIALIZED_AUTOS = YES_AGGRESSIVE;
				GCC_WARN_UNUSED_FUNCTION = YES;
				GCC_WARN_UNUSED_VARIABLE = YES;
				LOCALIZATION_PREFERS_STRING_CATALOGS = YES;
				MACOSX_DEPLOYMENT_TARGET = 15.2;
				MTL_ENABLE_DEBUG_INFO = NO;
				MTL_FAST_MATH = YES;
				SDKROOT = macosx;
				SWIFT_COMPILATION_MODE = wholemodule;
				SWIFT_EMIT_LOC_STRINGS = YES;
			};
			name = Release;
		};
		623815782DB2B12300AD874E /* Debug */ = {
			isa = XCBuildConfiguration;
			buildSettings = {
				ASSETCATALOG_COMPILER_APPICON_NAME = AppIcon;
				ASSETCATALOG_COMPILER_GLOBAL_ACCENT_COLOR_NAME = AccentColor;
				CODE_SIGN_ENTITLEMENTS = "Applepie-RPC/Resources/Applepie_RPC.entitlements";
				"CODE_SIGN_IDENTITY[sdk=macosx*]" = "Apple Development";
				CODE_SIGN_STYLE = Automatic;
				COMBINE_HIDPI_IMAGES = YES;
				CURRENT_PROJECT_VERSION = 1;
				DEAD_CODE_STRIPPING = YES;
				DEVELOPMENT_ASSET_PATHS = "\"Applepie-RPC/Preview Content\"";
				DEVELOPMENT_TEAM = Q23JLSJCCV;
				ENABLE_HARDENED_RUNTIME = YES;
				ENABLE_PREVIEWS = YES;
				ENABLE_USER_SCRIPT_SANDBOXING = NO;
				FRAMEWORK_SEARCH_PATHS = (
					"$(inherited)",
					"$(PROJECT_DIR)",
				);
				GENERATE_INFOPLIST_FILE = YES;
				INFOPLIST_FILE = "Applepie-RPC/Resources/Info.plist";
				INFOPLIST_KEY_LSApplicationCategoryType = "public.app-category.utilities";
				INFOPLIST_KEY_LSUIElement = YES;
				INFOPLIST_KEY_NSAppleMusicUsageDescription = "Get info & Search Music on Apple Music";
				INFOPLIST_KEY_NSHumanReadableCopyright = "";
				INFOPLIST_KEY_NSLocalNetworkUsageDescription = "로컬 네트워크에서 Apple TV를 검색하기 위해 사용됩니다.";
				LD_RUNPATH_SEARCH_PATHS = (
					"$(inherited)",
					"@executable_path/../Frameworks",
					"@loader_path/../Frameworks",
					"@executable_path/../Frameworks/OpenSSL",
					"@executable_path/../Frameworks/Python.framework/Versions/3.12/lib/python3.12/lib-dynload",
				);
				LIBRARY_SEARCH_PATHS = (
					"$(inherited)",
					"$(PROJECT_DIR)/Frameworks/OpenSSL",
				);
				MACOSX_DEPLOYMENT_TARGET = 14.0;
				MARKETING_VERSION = 1.0;
				OTHER_LDFLAGS = (
					"-Wl,-rpath,@executable_path/../Frameworks/OpenSSL",
					"-Wl,-rpath,@executable_path/../Frameworks/Python.framework/Versions/3.12/lib/python3.12",
				);
				PRODUCT_BUNDLE_IDENTIFIER = "com.skyline23.Applepie-RPC";
				PRODUCT_NAME = "$(TARGET_NAME)";
				SWIFT_EMIT_LOC_STRINGS = YES;
				SWIFT_VERSION = 5.0;
			};
			name = Debug;
		};
		623815792DB2B12300AD874E /* Release */ = {
			isa = XCBuildConfiguration;
			buildSettings = {
				ASSETCATALOG_COMPILER_APPICON_NAME = AppIcon;
				ASSETCATALOG_COMPILER_GLOBAL_ACCENT_COLOR_NAME = AccentColor;
				CODE_SIGN_ENTITLEMENTS = "Applepie-RPC/Resources/Applepie_RPC.entitlements";
				"CODE_SIGN_IDENTITY[sdk=macosx*]" = "Apple Development";
				CODE_SIGN_STYLE = Automatic;
				COMBINE_HIDPI_IMAGES = YES;
				CURRENT_PROJECT_VERSION = 1;
				DEAD_CODE_STRIPPING = YES;
				DEVELOPMENT_ASSET_PATHS = "\"Applepie-RPC/Preview Content\"";
				DEVELOPMENT_TEAM = Q23JLSJCCV;
				ENABLE_HARDENED_RUNTIME = YES;
				ENABLE_PREVIEWS = YES;
				ENABLE_USER_SCRIPT_SANDBOXING = NO;
				FRAMEWORK_SEARCH_PATHS = (
					"$(inherited)",
					"$(PROJECT_DIR)",
				);
				GENERATE_INFOPLIST_FILE = YES;
				INFOPLIST_FILE = "Applepie-RPC/Resources/Info.plist";
				INFOPLIST_KEY_LSApplicationCategoryType = "public.app-category.utilities";
				INFOPLIST_KEY_LSUIElement = YES;
				INFOPLIST_KEY_NSAppleMusicUsageDescription = "Get info & Search Music on Apple Music";
				INFOPLIST_KEY_NSHumanReadableCopyright = "";
				INFOPLIST_KEY_NSLocalNetworkUsageDescription = "로컬 네트워크에서 Apple TV를 검색하기 위해 사용됩니다.";
				LD_RUNPATH_SEARCH_PATHS = (
					"$(inherited)",
					"@executable_path/../Frameworks",
					"@loader_path/../Frameworks",
					"@executable_path/../Frameworks/OpenSSL",
					"@executable_path/../Frameworks/Python.framework/Versions/3.12/lib/python3.12/lib-dynload",
				);
				LIBRARY_SEARCH_PATHS = (
					"$(inherited)",
					"$(PROJECT_DIR)/Frameworks/OpenSSL",
				);
				MACOSX_DEPLOYMENT_TARGET = 14.0;
				MARKETING_VERSION = 1.0;
				OTHER_LDFLAGS = (
					"-Wl,-rpath,@executable_path/../Frameworks/OpenSSL",
					"-Wl,-rpath,@executable_path/../Frameworks/Python.framework/Versions/3.12/lib/python3.12",
				);
				PRODUCT_BUNDLE_IDENTIFIER = "com.skyline23.Applepie-RPC";
				PRODUCT_NAME = "$(TARGET_NAME)";
				SWIFT_EMIT_LOC_STRINGS = YES;
				SWIFT_VERSION = 5.0;
			};
			name = Release;
		};
		6238157B2DB2B12300AD874E /* Debug */ = {
			isa = XCBuildConfiguration;
			buildSettings = {
				BUNDLE_LOADER = "$(TEST_HOST)";
				CODE_SIGN_STYLE = Automatic;
				CURRENT_PROJECT_VERSION = 1;
				DEAD_CODE_STRIPPING = YES;
				GENERATE_INFOPLIST_FILE = YES;
				MACOSX_DEPLOYMENT_TARGET = 15.2;
				MARKETING_VERSION = 1.0;
				PRODUCT_BUNDLE_IDENTIFIER = "com.skyline23.Applepie-RPCTests";
				PRODUCT_NAME = "$(TARGET_NAME)";
				SWIFT_EMIT_LOC_STRINGS = NO;
				SWIFT_VERSION = 5.0;
				TEST_HOST = "$(BUILT_PRODUCTS_DIR)/Applepie-RPC.app/$(BUNDLE_EXECUTABLE_FOLDER_PATH)/Applepie-RPC";
			};
			name = Debug;
		};
		6238157C2DB2B12300AD874E /* Release */ = {
			isa = XCBuildConfiguration;
			buildSettings = {
				BUNDLE_LOADER = "$(TEST_HOST)";
				CODE_SIGN_STYLE = Automatic;
				CURRENT_PROJECT_VERSION = 1;
				DEAD_CODE_STRIPPING = YES;
				GENERATE_INFOPLIST_FILE = YES;
				MACOSX_DEPLOYMENT_TARGET = 15.2;
				MARKETING_VERSION = 1.0;
				PRODUCT_BUNDLE_IDENTIFIER = "com.skyline23.Applepie-RPCTests";
				PRODUCT_NAME = "$(TARGET_NAME)";
				SWIFT_EMIT_LOC_STRINGS = NO;
				SWIFT_VERSION = 5.0;
				TEST_HOST = "$(BUILT_PRODUCTS_DIR)/Applepie-RPC.app/$(BUNDLE_EXECUTABLE_FOLDER_PATH)/Applepie-RPC";
			};
			name = Release;
		};
		6238157E2DB2B12300AD874E /* Debug */ = {
			isa = XCBuildConfiguration;
			buildSettings = {
				CODE_SIGN_STYLE = Automatic;
				CURRENT_PROJECT_VERSION = 1;
				DEAD_CODE_STRIPPING = YES;
				GENERATE_INFOPLIST_FILE = YES;
				MARKETING_VERSION = 1.0;
				PRODUCT_BUNDLE_IDENTIFIER = "com.skyline23.Applepie-RPCUITests";
				PRODUCT_NAME = "$(TARGET_NAME)";
				SWIFT_EMIT_LOC_STRINGS = NO;
				SWIFT_VERSION = 5.0;
				TEST_TARGET_NAME = "Applepie-RPC";
			};
			name = Debug;
		};
		6238157F2DB2B12300AD874E /* Release */ = {
			isa = XCBuildConfiguration;
			buildSettings = {
				CODE_SIGN_STYLE = Automatic;
				CURRENT_PROJECT_VERSION = 1;
				DEAD_CODE_STRIPPING = YES;
				GENERATE_INFOPLIST_FILE = YES;
				MARKETING_VERSION = 1.0;
				PRODUCT_BUNDLE_IDENTIFIER = "com.skyline23.Applepie-RPCUITests";
				PRODUCT_NAME = "$(TARGET_NAME)";
				SWIFT_EMIT_LOC_STRINGS = NO;
				SWIFT_VERSION = 5.0;
				TEST_TARGET_NAME = "Applepie-RPC";
			};
			name = Release;
		};
/* End XCBuildConfiguration section */

/* Begin XCConfigurationList section */
		6238154D2DB2B12100AD874E /* Build configuration list for PBXProject "Applepie-RPC" */ = {
			isa = XCConfigurationList;
			buildConfigurations = (
				623815752DB2B12300AD874E /* Debug */,
				623815762DB2B12300AD874E /* Release */,
			);
			defaultConfigurationIsVisible = 0;
			defaultConfigurationName = Release;
		};
		623815772DB2B12300AD874E /* Build configuration list for PBXNativeTarget "Applepie-RPC" */ = {
			isa = XCConfigurationList;
			buildConfigurations = (
				623815782DB2B12300AD874E /* Debug */,
				623815792DB2B12300AD874E /* Release */,
			);
			defaultConfigurationIsVisible = 0;
			defaultConfigurationName = Release;
		};
		6238157A2DB2B12300AD874E /* Build configuration list for PBXNativeTarget "Applepie-RPCTests" */ = {
			isa = XCConfigurationList;
			buildConfigurations = (
				6238157B2DB2B12300AD874E /* Debug */,
				6238157C2DB2B12300AD874E /* Release */,
			);
			defaultConfigurationIsVisible = 0;
			defaultConfigurationName = Release;
		};
		6238157D2DB2B12300AD874E /* Build configuration list for PBXNativeTarget "Applepie-RPCUITests" */ = {
			isa = XCConfigurationList;
			buildConfigurations = (
				6238157E2DB2B12300AD874E /* Debug */,
				6238157F2DB2B12300AD874E /* Release */,
			);
			defaultConfigurationIsVisible = 0;
			defaultConfigurationName = Release;
		};
/* End XCConfigurationList section */

/* Begin XCRemoteSwiftPackageReference section */
		620F1E472DB397F400898A8D /* XCRemoteSwiftPackageReference "ModernSlider" */ = {
			isa = XCRemoteSwiftPackageReference;
			repositoryURL = "https://github.com/arjun-dureja/ModernSlider";
			requirement = {
				branch = main;
				kind = branch;
			};
		};
		627E6A202DC0A1990001015C /* XCRemoteSwiftPackageReference "xcstrings-tool" */ = {
			isa = XCRemoteSwiftPackageReference;
			repositoryURL = "https://github.com/liamnichols/xcstrings-tool.git";
			requirement = {
				kind = upToNextMajorVersion;
				minimumVersion = 1.1.0;
			};
		};
		628618852DB60C290076E49F /* XCRemoteSwiftPackageReference "PythonKit" */ = {
			isa = XCRemoteSwiftPackageReference;
			repositoryURL = "https://github.com/pvieito/PythonKit.git";
			requirement = {
				branch = master;
				kind = branch;
			};
		};
/* End XCRemoteSwiftPackageReference section */

/* Begin XCSwiftPackageProductDependency section */
		620F1E482DB397F400898A8D /* ModernSlider */ = {
			isa = XCSwiftPackageProductDependency;
			package = 620F1E472DB397F400898A8D /* XCRemoteSwiftPackageReference "ModernSlider" */;
			productName = ModernSlider;
		};
		627E6A212DC0A1990001015C /* xcstrings-tool */ = {
			isa = XCSwiftPackageProductDependency;
			package = 627E6A202DC0A1990001015C /* XCRemoteSwiftPackageReference "xcstrings-tool" */;
			productName = "xcstrings-tool";
		};
		627E6A232DC0A1BF0001015C /* XCStringsToolPlugin */ = {
			isa = XCSwiftPackageProductDependency;
			package = 627E6A202DC0A1990001015C /* XCRemoteSwiftPackageReference "xcstrings-tool" */;
			productName = "plugin:XCStringsToolPlugin";
		};
		628618862DB60C290076E49F /* PythonKit */ = {
			isa = XCSwiftPackageProductDependency;
			package = 628618852DB60C290076E49F /* XCRemoteSwiftPackageReference "PythonKit" */;
			productName = PythonKit;
		};
/* End XCSwiftPackageProductDependency section */
	};
	rootObject = 6238154A2DB2B12100AD874E /* Project object */;
}
